// !$*UTF8*$!
{
	archiveVersion = 1;
	classes = {
	};
	objectVersion = 56;
	objects = {

/* Begin PBXBuildFile section */
		F23EC4702C346EB00037F40A /* CryptoAPIApp.swift in Sources */ = {isa = PBXBuildFile; fileRef = F23EC46F2C346EB00037F40A /* CryptoAPIApp.swift */; };
		F23EC4722C346EB00037F40A /* ContentView.swift in Sources */ = {isa = PBXBuildFile; fileRef = F23EC4712C346EB00037F40A /* ContentView.swift */; };
		F23EC4742C346EB20037F40A /* Assets.xcassets in Resources */ = {isa = PBXBuildFile; fileRef = F23EC4732C346EB20037F40A /* Assets.xcassets */; };
		F23EC4782C346EB20037F40A /* Preview Assets.xcassets in Resources */ = {isa = PBXBuildFile; fileRef = F23EC4772C346EB20037F40A /* Preview Assets.xcassets */; };
		F23EC4822C346EB20037F40A /* CryptoAPITests.swift in Sources */ = {isa = PBXBuildFile; fileRef = F23EC4812C346EB20037F40A /* CryptoAPITests.swift */; };
		F23EC48C2C346EB20037F40A /* CryptoAPIUITests.swift in Sources */ = {isa = PBXBuildFile; fileRef = F23EC48B2C346EB20037F40A /* CryptoAPIUITests.swift */; };
		F23EC48E2C346EB20037F40A /* CryptoAPIUITestsLaunchTests.swift in Sources */ = {isa = PBXBuildFile; fileRef = F23EC48D2C346EB20037F40A /* CryptoAPIUITestsLaunchTests.swift */; };
/* End PBXBuildFile section */

/* Begin PBXContainerItemProxy section */
		F23EC47E2C346EB20037F40A /* PBXContainerItemProxy */ = {
			isa = PBXContainerItemProxy;
			containerPortal = F23EC4642C346EB00037F40A /* Project object */;
			proxyType = 1;
			remoteGlobalIDString = F23EC46B2C346EB00037F40A;
			remoteInfo = CryptoAPI;
		};
		F23EC4882C346EB20037F40A /* PBXContainerItemProxy */ = {
			isa = PBXContainerItemProxy;
			containerPortal = F23EC4642C346EB00037F40A /* Project object */;
			proxyType = 1;
			remoteGlobalIDString = F23EC46B2C346EB00037F40A;
			remoteInfo = CryptoAPI;
		};
/* End PBXContainerItemProxy section */

/* Begin PBXFileReference section */
		F23EC46C2C346EB00037F40A /* CryptoAPI.app */ = {isa = PBXFileReference; explicitFileType = wrapper.application; includeInIndex = 0; path = CryptoAPI.app; sourceTree = BUILT_PRODUCTS_DIR; };
		F23EC46F2C346EB00037F40A /* CryptoAPIApp.swift */ = {isa = PBXFileReference; lastKnownFileType = sourcecode.swift; path = CryptoAPIApp.swift; sourceTree = "<group>"; };
		F23EC4712C346EB00037F40A /* ContentView.swift */ = {isa = PBXFileReference; lastKnownFileType = sourcecode.swift; path = ContentView.swift; sourceTree = "<group>"; };
		F23EC4732C346EB20037F40A /* Assets.xcassets */ = {isa = PBXFileReference; lastKnownFileType = folder.assetcatalog; path = Assets.xcassets; sourceTree = "<group>"; };
		F23EC4752C346EB20037F40A /* CryptoAPI.entitlements */ = {isa = PBXFileReference; lastKnownFileType = text.plist.entitlements; path = CryptoAPI.entitlements; sourceTree = "<group>"; };
		F23EC4772C346EB20037F40A /* Preview Assets.xcassets */ = {isa = PBXFileReference; lastKnownFileType = folder.assetcatalog; path = "Preview Assets.xcassets"; sourceTree = "<group>"; };
		F23EC47D2C346EB20037F40A /* CryptoAPITests.xctest */ = {isa = PBXFileReference; explicitFileType = wrapper.cfbundle; includeInIndex = 0; path = CryptoAPITests.xctest; sourceTree = BUILT_PRODUCTS_DIR; };
		F23EC4812C346EB20037F40A /* CryptoAPITests.swift */ = {isa = PBXFileReference; lastKnownFileType = sourcecode.swift; path = CryptoAPITests.swift; sourceTree = "<group>"; };
		F23EC4872C346EB20037F40A /* CryptoAPIUITests.xctest */ = {isa = PBXFileReference; explicitFileType = wrapper.cfbundle; includeInIndex = 0; path = CryptoAPIUITests.xctest; sourceTree = BUILT_PRODUCTS_DIR; };
		F23EC48B2C346EB20037F40A /* CryptoAPIUITests.swift */ = {isa = PBXFileReference; lastKnownFileType = sourcecode.swift; path = CryptoAPIUITests.swift; sourceTree = "<group>"; };
		F23EC48D2C346EB20037F40A /* CryptoAPIUITestsLaunchTests.swift */ = {isa = PBXFileReference; lastKnownFileType = sourcecode.swift; path = CryptoAPIUITestsLaunchTests.swift; sourceTree = "<group>"; };
/* End PBXFileReference section */

/* Begin PBXFrameworksBuildPhase section */
		F23EC4692C346EB00037F40A /* Frameworks */ = {
			isa = PBXFrameworksBuildPhase;
			buildActionMask = 2147483647;
			files = (
			);
			runOnlyForDeploymentPostprocessing = 0;
		};
		F23EC47A2C346EB20037F40A /* Frameworks */ = {
			isa = PBXFrameworksBuildPhase;
			buildActionMask = 2147483647;
			files = (
			);
			runOnlyForDeploymentPostprocessing = 0;
		};
		F23EC4842C346EB20037F40A /* Frameworks */ = {
			isa = PBXFrameworksBuildPhase;
			buildActionMask = 2147483647;
			files = (
			);
			runOnlyForDeploymentPostprocessing = 0;
		};
/* End PBXFrameworksBuildPhase section */

/* Begin PBXGroup section */
		F23EC4632C346EB00037F40A = {
			isa = PBXGroup;
			children = (
				F23EC46E2C346EB00037F40A /* CryptoAPI */,
				F23EC4802C346EB20037F40A /* CryptoAPITests */,
				F23EC48A2C346EB20037F40A /* CryptoAPIUITests */,
				F23EC46D2C346EB00037F40A /* Products */,
			);
			sourceTree = "<group>";
		};
		F23EC46D2C346EB00037F40A /* Products */ = {
			isa = PBXGroup;
			children = (
				F23EC46C2C346EB00037F40A /* CryptoAPI.app */,
				F23EC47D2C346EB20037F40A /* CryptoAPITests.xctest */,
				F23EC4872C346EB20037F40A /* CryptoAPIUITests.xctest */,
			);
			name = Products;
			sourceTree = "<group>";
		};
		F23EC46E2C346EB00037F40A /* CryptoAPI */ = {
			isa = PBXGroup;
			children = (
				F23EC46F2C346EB00037F40A /* CryptoAPIApp.swift */,
				F23EC4712C346EB00037F40A /* ContentView.swift */,
				F23EC4732C346EB20037F40A /* Assets.xcassets */,
				F23EC4752C346EB20037F40A /* CryptoAPI.entitlements */,
				F23EC4762C346EB20037F40A /* Preview Content */,
			);
			path = CryptoAPI;
			sourceTree = "<group>";
		};
		F23EC4762C346EB20037F40A /* Preview Content */ = {
			isa = PBXGroup;
			children = (
				F23EC4772C346EB20037F40A /* Preview Assets.xcassets */,
			);
			path = "Preview Content";
			sourceTree = "<group>";
		};
		F23EC4802C346EB20037F40A /* CryptoAPITests */ = {
			isa = PBXGroup;
			children = (
				F23EC4812C346EB20037F40A /* CryptoAPITests.swift */,
			);
			path = CryptoAPITests;
			sourceTree = "<group>";
		};
		F23EC48A2C346EB20037F40A /* CryptoAPIUITests */ = {
			isa = PBXGroup;
			children = (
				F23EC48B2C346EB20037F40A /* CryptoAPIUITests.swift */,
				F23EC48D2C346EB20037F40A /* CryptoAPIUITestsLaunchTests.swift */,
			);
			path = CryptoAPIUITests;
			sourceTree = "<group>";
		};
/* End PBXGroup section */

/* Begin PBXNativeTarget section */
		F23EC46B2C346EB00037F40A /* CryptoAPI */ = {
			isa = PBXNativeTarget;
			buildConfigurationList = F23EC4912C346EB20037F40A /* Build configuration list for PBXNativeTarget "CryptoAPI" */;
			buildPhases = (
				F23EC4682C346EB00037F40A /* Sources */,
				F23EC4692C346EB00037F40A /* Frameworks */,
				F23EC46A2C346EB00037F40A /* Resources */,
			);
			buildRules = (
			);
			dependencies = (
			);
			name = CryptoAPI;
			productName = CryptoAPI;
			productReference = F23EC46C2C346EB00037F40A /* CryptoAPI.app */;
			productType = "com.apple.product-type.application";
		};
		F23EC47C2C346EB20037F40A /* CryptoAPITests */ = {
			isa = PBXNativeTarget;
			buildConfigurationList = F23EC4942C346EB20037F40A /* Build configuration list for PBXNativeTarget "CryptoAPITests" */;
			buildPhases = (
				F23EC4792C346EB20037F40A /* Sources */,
				F23EC47A2C346EB20037F40A /* Frameworks */,
				F23EC47B2C346EB20037F40A /* Resources */,
			);
			buildRules = (
			);
			dependencies = (
				F23EC47F2C346EB20037F40A /* PBXTargetDependency */,
			);
			name = CryptoAPITests;
			productName = CryptoAPITests;
			productReference = F23EC47D2C346EB20037F40A /* CryptoAPITests.xctest */;
			productType = "com.apple.product-type.bundle.unit-test";
		};
		F23EC4862C346EB20037F40A /* CryptoAPIUITests */ = {
			isa = PBXNativeTarget;
			buildConfigurationList = F23EC4972C346EB20037F40A /* Build configuration list for PBXNativeTarget "CryptoAPIUITests" */;
			buildPhases = (
				F23EC4832C346EB20037F40A /* Sources */,
				F23EC4842C346EB20037F40A /* Frameworks */,
				F23EC4852C346EB20037F40A /* Resources */,
			);
			buildRules = (
			);
			dependencies = (
				F23EC4892C346EB20037F40A /* PBXTargetDependency */,
			);
			name = CryptoAPIUITests;
			productName = CryptoAPIUITests;
			productReference = F23EC4872C346EB20037F40A /* CryptoAPIUITests.xctest */;
			productType = "com.apple.product-type.bundle.ui-testing";
		};
/* End PBXNativeTarget section */

/* Begin PBXProject section */
		F23EC4642C346EB00037F40A /* Project object */ = {
			isa = PBXProject;
			attributes = {
				BuildIndependentTargetsInParallel = 1;
				LastSwiftUpdateCheck = 1540;
				LastUpgradeCheck = 1540;
				TargetAttributes = {
					F23EC46B2C346EB00037F40A = {
						CreatedOnToolsVersion = 15.4;
					};
					F23EC47C2C346EB20037F40A = {
						CreatedOnToolsVersion = 15.4;
						TestTargetID = F23EC46B2C346EB00037F40A;
					};
					F23EC4862C346EB20037F40A = {
						CreatedOnToolsVersion = 15.4;
						TestTargetID = F23EC46B2C346EB00037F40A;
					};
				};
			};
			buildConfigurationList = F23EC4672C346EB00037F40A /* Build configuration list for PBXProject "CryptoAPI" */;
			compatibilityVersion = "Xcode 14.0";
			developmentRegion = en;
			hasScannedForEncodings = 0;
			knownRegions = (
				en,
				Base,
			);
			mainGroup = F23EC4632C346EB00037F40A;
			productRefGroup = F23EC46D2C346EB00037F40A /* Products */;
			projectDirPath = "";
			projectRoot = "";
			targets = (
				F23EC46B2C346EB00037F40A /* CryptoAPI */,
				F23EC47C2C346EB20037F40A /* CryptoAPITests */,
				F23EC4862C346EB20037F40A /* CryptoAPIUITests */,
			);
		};
/* End PBXProject section */

/* Begin PBXResourcesBuildPhase section */
		F23EC46A2C346EB00037F40A /* Resources */ = {
			isa = PBXResourcesBuildPhase;
			buildActionMask = 2147483647;
			files = (
				F23EC4782C346EB20037F40A /* Preview Assets.xcassets in Resources */,
				F23EC4742C346EB20037F40A /* Assets.xcassets in Resources */,
			);
			runOnlyForDeploymentPostprocessing = 0;
		};
		F23EC47B2C346EB20037F40A /* Resources */ = {
			isa = PBXResourcesBuildPhase;
			buildActionMask = 2147483647;
			files = (
			);
			runOnlyForDeploymentPostprocessing = 0;
		};
		F23EC4852C346EB20037F40A /* Resources */ = {
			isa = PBXResourcesBuildPhase;
			buildActionMask = 2147483647;
			files = (
			);
			runOnlyForDeploymentPostprocessing = 0;
		};
/* End PBXResourcesBuildPhase section */

/* Begin PBXSourcesBuildPhase section */
		F23EC4682C346EB00037F40A /* Sources */ = {
			isa = PBXSourcesBuildPhase;
			buildActionMask = 2147483647;
			files = (
				F23EC4722C346EB00037F40A /* ContentView.swift in Sources */,
				F23EC4702C346EB00037F40A /* CryptoAPIApp.swift in Sources */,
			);
			runOnlyForDeploymentPostprocessing = 0;
		};
		F23EC4792C346EB20037F40A /* Sources */ = {
			isa = PBXSourcesBuildPhase;
			buildActionMask = 2147483647;
			files = (
				F23EC4822C346EB20037F40A /* CryptoAPITests.swift in Sources */,
			);
			runOnlyForDeploymentPostprocessing = 0;
		};
		F23EC4832C346EB20037F40A /* Sources */ = {
			isa = PBXSourcesBuildPhase;
			buildActionMask = 2147483647;
			files = (
				F23EC48E2C346EB20037F40A /* CryptoAPIUITestsLaunchTests.swift in Sources */,
				F23EC48C2C346EB20037F40A /* CryptoAPIUITests.swift in Sources */,
			);
			runOnlyForDeploymentPostprocessing = 0;
		};
/* End PBXSourcesBuildPhase section */

/* Begin PBXTargetDependency section */
		F23EC47F2C346EB20037F40A /* PBXTargetDependency */ = {
			isa = PBXTargetDependency;
			target = F23EC46B2C346EB00037F40A /* CryptoAPI */;
			targetProxy = F23EC47E2C346EB20037F40A /* PBXContainerItemProxy */;
		};
		F23EC4892C346EB20037F40A /* PBXTargetDependency */ = {
			isa = PBXTargetDependency;
			target = F23EC46B2C346EB00037F40A /* CryptoAPI */;
			targetProxy = F23EC4882C346EB20037F40A /* PBXContainerItemProxy */;
		};
/* End PBXTargetDependency section */

/* Begin XCBuildConfiguration section */
		F23EC48F2C346EB20037F40A /* Debug */ = {
			isa = XCBuildConfiguration;
			buildSettings = {
				ALWAYS_SEARCH_USER_PATHS = NO;
				ASSETCATALOG_COMPILER_GENERATE_SWIFT_ASSET_SYMBOL_EXTENSIONS = YES;
				CLANG_ANALYZER_NONNULL = YES;
				CLANG_ANALYZER_NUMBER_OBJECT_CONVERSION = YES_AGGRESSIVE;
				CLANG_CXX_LANGUAGE_STANDARD = "gnu++20";
				CLANG_ENABLE_MODULES = YES;
				CLANG_ENABLE_OBJC_ARC = YES;
				CLANG_ENABLE_OBJC_WEAK = YES;
				CLANG_WARN_BLOCK_CAPTURE_AUTORELEASING = YES;
				CLANG_WARN_BOOL_CONVERSION = YES;
				CLANG_WARN_COMMA = YES;
				CLANG_WARN_CONSTANT_CONVERSION = YES;
				CLANG_WARN_DEPRECATED_OBJC_IMPLEMENTATIONS = YES;
				CLANG_WARN_DIRECT_OBJC_ISA_USAGE = YES_ERROR;
				CLANG_WARN_DOCUMENTATION_COMMENTS = YES;
				CLANG_WARN_EMPTY_BODY = YES;
				CLANG_WARN_ENUM_CONVERSION = YES;
				CLANG_WARN_INFINITE_RECURSION = YES;
				CLANG_WARN_INT_CONVERSION = YES;
				CLANG_WARN_NON_LITERAL_NULL_CONVERSION = YES;
				CLANG_WARN_OBJC_IMPLICIT_RETAIN_SELF = YES;
				CLANG_WARN_OBJC_LITERAL_CONVERSION = YES;
				CLANG_WARN_OBJC_ROOT_CLASS = YES_ERROR;
				CLANG_WARN_QUOTED_INCLUDE_IN_FRAMEWORK_HEADER = YES;
				CLANG_WARN_RANGE_LOOP_ANALYSIS = YES;
				CLANG_WARN_STRICT_PROTOTYPES = YES;
				CLANG_WARN_SUSPICIOUS_MOVE = YES;
				CLANG_WARN_UNGUARDED_AVAILABILITY = YES_AGGRESSIVE;
				CLANG_WARN_UNREACHABLE_CODE = YES;
				CLANG_WARN__DUPLICATE_METHOD_MATCH = YES;
				COPY_PHASE_STRIP = NO;
				DEBUG_INFORMATION_FORMAT = dwarf;
				ENABLE_STRICT_OBJC_MSGSEND = YES;
				ENABLE_TESTABILITY = YES;
				ENABLE_USER_SCRIPT_SANDBOXING = YES;
				GCC_C_LANGUAGE_STANDARD = gnu17;
				GCC_DYNAMIC_NO_PIC = NO;
				GCC_NO_COMMON_BLOCKS = YES;
				GCC_OPTIMIZATION_LEVEL = 0;
				GCC_PREPROCESSOR_DEFINITIONS = (
					"DEBUG=1",
					"$(inherited)",
				);
				GCC_WARN_64_TO_32_BIT_CONVERSION = YES;
				GCC_WARN_ABOUT_RETURN_TYPE = YES_ERROR;
				GCC_WARN_UNDECLARED_SELECTOR = YES;
				GCC_WARN_UNINITIALIZED_AUTOS = YES_AGGRESSIVE;
				GCC_WARN_UNUSED_FUNCTION = YES;
				GCC_WARN_UNUSED_VARIABLE = YES;
				LOCALIZATION_PREFERS_STRING_CATALOGS = YES;
				MTL_ENABLE_DEBUG_INFO = INCLUDE_SOURCE;
				MTL_FAST_MATH = YES;
				ONLY_ACTIVE_ARCH = YES;
				SWIFT_ACTIVE_COMPILATION_CONDITIONS = "DEBUG $(inherited)";
				SWIFT_OPTIMIZATION_LEVEL = "-Onone";
			};
			name = Debug;
		};
		F23EC4902C346EB20037F40A /* Release */ = {
			isa = XCBuildConfiguration;
			buildSettings = {
				ALWAYS_SEARCH_USER_PATHS = NO;
				ASSETCATALOG_COMPILER_GENERATE_SWIFT_ASSET_SYMBOL_EXTENSIONS = YES;
				CLANG_ANALYZER_NONNULL = YES;
				CLANG_ANALYZER_NUMBER_OBJECT_CONVERSION = YES_AGGRESSIVE;
				CLANG_CXX_LANGUAGE_STANDARD = "gnu++20";
				CLANG_ENABLE_MODULES = YES;
				CLANG_ENABLE_OBJC_ARC = YES;
				CLANG_ENABLE_OBJC_WEAK = YES;
				CLANG_WARN_BLOCK_CAPTURE_AUTORELEASING = YES;
				CLANG_WARN_BOOL_CONVERSION = YES;
				CLANG_WARN_COMMA = YES;
				CLANG_WARN_CONSTANT_CONVERSION = YES;
				CLANG_WARN_DEPRECATED_OBJC_IMPLEMENTATIONS = YES;
				CLANG_WARN_DIRECT_OBJC_ISA_USAGE = YES_ERROR;
				CLANG_WARN_DOCUMENTATION_COMMENTS = YES;
				CLANG_WARN_EMPTY_BODY = YES;
				CLANG_WARN_ENUM_CONVERSION = YES;
				CLANG_WARN_INFINITE_RECURSION = YES;
				CLANG_WARN_INT_CONVERSION = YES;
				CLANG_WARN_NON_LITERAL_NULL_CONVERSION = YES;
				CLANG_WARN_OBJC_IMPLICIT_RETAIN_SELF = YES;
				CLANG_WARN_OBJC_LITERAL_CONVERSION = YES;
				CLANG_WARN_OBJC_ROOT_CLASS = YES_ERROR;
				CLANG_WARN_QUOTED_INCLUDE_IN_FRAMEWORK_HEADER = YES;
				CLANG_WARN_RANGE_LOOP_ANALYSIS = YES;
				CLANG_WARN_STRICT_PROTOTYPES = YES;
				CLANG_WARN_SUSPICIOUS_MOVE = YES;
				CLANG_WARN_UNGUARDED_AVAILABILITY = YES_AGGRESSIVE;
				CLANG_WARN_UNREACHABLE_CODE = YES;
				CLANG_WARN__DUPLICATE_METHOD_MATCH = YES;
				COPY_PHASE_STRIP = NO;
				DEBUG_INFORMATION_FORMAT = "dwarf-with-dsym";
				ENABLE_NS_ASSERTIONS = NO;
				ENABLE_STRICT_OBJC_MSGSEND = YES;
				ENABLE_USER_SCRIPT_SANDBOXING = YES;
				GCC_C_LANGUAGE_STANDARD = gnu17;
				GCC_NO_COMMON_BLOCKS = YES;
				GCC_WARN_64_TO_32_BIT_CONVERSION = YES;
				GCC_WARN_ABOUT_RETURN_TYPE = YES_ERROR;
				GCC_WARN_UNDECLARED_SELECTOR = YES;
				GCC_WARN_UNINITIALIZED_AUTOS = YES_AGGRESSIVE;
				GCC_WARN_UNUSED_FUNCTION = YES;
				GCC_WARN_UNUSED_VARIABLE = YES;
				LOCALIZATION_PREFERS_STRING_CATALOGS = YES;
				MTL_ENABLE_DEBUG_INFO = NO;
				MTL_FAST_MATH = YES;
				SWIFT_COMPILATION_MODE = wholemodule;
			};
			name = Release;
		};
		F23EC4922C346EB20037F40A /* Debug */ = {
			isa = XCBuildConfiguration;
			buildSettings = {
				ASSETCATALOG_COMPILER_APPICON_NAME = AppIcon;
				ASSETCATALOG_COMPILER_GLOBAL_ACCENT_COLOR_NAME = AccentColor;
				CODE_SIGN_ENTITLEMENTS = CryptoAPI/CryptoAPI.entitlements;
				CODE_SIGN_STYLE = Automatic;
				CURRENT_PROJECT_VERSION = 1;
				DEVELOPMENT_ASSET_PATHS = "\"CryptoAPI/Preview Content\"";
				DEVELOPMENT_TEAM = 8JTQ9M4J69;
				ENABLE_HARDENED_RUNTIME = YES;
				ENABLE_PREVIEWS = YES;
				GENERATE_INFOPLIST_FILE = YES;
				"INFOPLIST_KEY_UIApplicationSceneManifest_Generation[sdk=iphoneos*]" = YES;
				"INFOPLIST_KEY_UIApplicationSceneManifest_Generation[sdk=iphonesimulator*]" = YES;
				"INFOPLIST_KEY_UIApplicationSupportsIndirectInputEvents[sdk=iphoneos*]" = YES;
				"INFOPLIST_KEY_UIApplicationSupportsIndirectInputEvents[sdk=iphonesimulator*]" = YES;
				"INFOPLIST_KEY_UILaunchScreen_Generation[sdk=iphoneos*]" = YES;
				"INFOPLIST_KEY_UILaunchScreen_Generation[sdk=iphonesimulator*]" = YES;
				"INFOPLIST_KEY_UIStatusBarStyle[sdk=iphoneos*]" = UIStatusBarStyleDefault;
				"INFOPLIST_KEY_UIStatusBarStyle[sdk=iphonesimulator*]" = UIStatusBarStyleDefault;
				INFOPLIST_KEY_UISupportedInterfaceOrientations_iPad = "UIInterfaceOrientationPortrait UIInterfaceOrientationPortraitUpsideDown UIInterfaceOrientationLandscapeLeft UIInterfaceOrientationLandscapeRight";
				INFOPLIST_KEY_UISupportedInterfaceOrientations_iPhone = "UIInterfaceOrientationPortrait UIInterfaceOrientationLandscapeLeft UIInterfaceOrientationLandscapeRight";
				IPHONEOS_DEPLOYMENT_TARGET = 17.5;
				LD_RUNPATH_SEARCH_PATHS = "@executable_path/Frameworks";
				"LD_RUNPATH_SEARCH_PATHS[sdk=macosx*]" = "@executable_path/../Frameworks";
				MACOSX_DEPLOYMENT_TARGET = 14.4;
				MARKETING_VERSION = 1.0;
				PRODUCT_BUNDLE_IDENTIFIER = com.guilenzolari.CryptoAPI;
				PRODUCT_NAME = "$(TARGET_NAME)";
				SDKROOT = auto;
				SUPPORTED_PLATFORMS = "iphoneos iphonesimulator macosx";
				SWIFT_EMIT_LOC_STRINGS = YES;
				SWIFT_VERSION = 5.0;
				TARGETED_DEVICE_FAMILY = "1,2";
			};
			name = Debug;
		};
		F23EC4932C346EB20037F40A /* Release */ = {
			isa = XCBuildConfiguration;
			buildSettings = {
				ASSETCATALOG_COMPILER_APPICON_NAME = AppIcon;
				ASSETCATALOG_COMPILER_GLOBAL_ACCENT_COLOR_NAME = AccentColor;
				CODE_SIGN_ENTITLEMENTS = CryptoAPI/CryptoAPI.entitlements;
				CODE_SIGN_STYLE = Automatic;
				CURRENT_PROJECT_VERSION = 1;
				DEVELOPMENT_ASSET_PATHS = "\"CryptoAPI/Preview Content\"";
				DEVELOPMENT_TEAM = 8JTQ9M4J69;
				ENABLE_HARDENED_RUNTIME = YES;
				ENABLE_PREVIEWS = YES;
				GENERATE_INFOPLIST_FILE = YES;
				"INFOPLIST_KEY_UIApplicationSceneManifest_Generation[sdk=iphoneos*]" = YES;
				"INFOPLIST_KEY_UIApplicationSceneManifest_Generation[sdk=iphonesimulator*]" = YES;
				"INFOPLIST_KEY_UIApplicationSupportsIndirectInputEvents[sdk=iphoneos*]" = YES;
				"INFOPLIST_KEY_UIApplicationSupportsIndirectInputEvents[sdk=iphonesimulator*]" = YES;
				"INFOPLIST_KEY_UILaunchScreen_Generation[sdk=iphoneos*]" = YES;
				"INFOPLIST_KEY_UILaunchScreen_Generation[sdk=iphonesimulator*]" = YES;
				"INFOPLIST_KEY_UIStatusBarStyle[sdk=iphoneos*]" = UIStatusBarStyleDefault;
				"INFOPLIST_KEY_UIStatusBarStyle[sdk=iphonesimulator*]" = UIStatusBarStyleDefault;
				INFOPLIST_KEY_UISupportedInterfaceOrientations_iPad = "UIInterfaceOrientationPortrait UIInterfaceOrientationPortraitUpsideDown UIInterfaceOrientationLandscapeLeft UIInterfaceOrientationLandscapeRight";
				INFOPLIST_KEY_UISupportedInterfaceOrientations_iPhone = "UIInterfaceOrientationPortrait UIInterfaceOrientationLandscapeLeft UIInterfaceOrientationLandscapeRight";
				IPHONEOS_DEPLOYMENT_TARGET = 17.5;
				LD_RUNPATH_SEARCH_PATHS = "@executable_path/Frameworks";
				"LD_RUNPATH_SEARCH_PATHS[sdk=macosx*]" = "@executable_path/../Frameworks";
				MACOSX_DEPLOYMENT_TARGET = 14.4;
				MARKETING_VERSION = 1.0;
				PRODUCT_BUNDLE_IDENTIFIER = com.guilenzolari.CryptoAPI;
				PRODUCT_NAME = "$(TARGET_NAME)";
				SDKROOT = auto;
				SUPPORTED_PLATFORMS = "iphoneos iphonesimulator macosx";
				SWIFT_EMIT_LOC_STRINGS = YES;
				SWIFT_VERSION = 5.0;
				TARGETED_DEVICE_FAMILY = "1,2";
			};
			name = Release;
		};
		F23EC4952C346EB20037F40A /* Debug */ = {
			isa = XCBuildConfiguration;
			buildSettings = {
				ALWAYS_EMBED_SWIFT_STANDARD_LIBRARIES = YES;
				BUNDLE_LOADER = "$(TEST_HOST)";
				CODE_SIGN_STYLE = Automatic;
				CURRENT_PROJECT_VERSION = 1;
				DEVELOPMENT_TEAM = 8JTQ9M4J69;
				GENERATE_INFOPLIST_FILE = YES;
				IPHONEOS_DEPLOYMENT_TARGET = 17.5;
				MACOSX_DEPLOYMENT_TARGET = 14.4;
				MARKETING_VERSION = 1.0;
				PRODUCT_BUNDLE_IDENTIFIER = com.guilenzolari.CryptoAPITests;
				PRODUCT_NAME = "$(TARGET_NAME)";
				SDKROOT = auto;
				SUPPORTED_PLATFORMS = "iphoneos iphonesimulator macosx";
				SWIFT_EMIT_LOC_STRINGS = NO;
				SWIFT_VERSION = 5.0;
				TARGETED_DEVICE_FAMILY = "1,2";
				TEST_HOST = "$(BUILT_PRODUCTS_DIR)/CryptoAPI.app/$(BUNDLE_EXECUTABLE_FOLDER_PATH)/CryptoAPI";
			};
			name = Debug;
		};
		F23EC4962C346EB20037F40A /* Release */ = {
			isa = XCBuildConfiguration;
			buildSettings = {
				ALWAYS_EMBED_SWIFT_STANDARD_LIBRARIES = YES;
				BUNDLE_LOADER = "$(TEST_HOST)";
				CODE_SIGN_STYLE = Automatic;
				CURRENT_PROJECT_VERSION = 1;
				DEVELOPMENT_TEAM = 8JTQ9M4J69;
				GENERATE_INFOPLIST_FILE = YES;
				IPHONEOS_DEPLOYMENT_TARGET = 17.5;
				MACOSX_DEPLOYMENT_TARGET = 14.4;
				MARKETING_VERSION = 1.0;
				PRODUCT_BUNDLE_IDENTIFIER = com.guilenzolari.CryptoAPITests;
				PRODUCT_NAME = "$(TARGET_NAME)";
				SDKROOT = auto;
				SUPPORTED_PLATFORMS = "iphoneos iphonesimulator macosx";
				SWIFT_EMIT_LOC_STRINGS = NO;
				SWIFT_VERSION = 5.0;
				TARGETED_DEVICE_FAMILY = "1,2";
				TEST_HOST = "$(BUILT_PRODUCTS_DIR)/CryptoAPI.app/$(BUNDLE_EXECUTABLE_FOLDER_PATH)/CryptoAPI";
			};
			name = Release;
		};
		F23EC4982C346EB20037F40A /* Debug */ = {
			isa = XCBuildConfiguration;
			buildSettings = {
				ALWAYS_EMBED_SWIFT_STANDARD_LIBRARIES = YES;
				CODE_SIGN_STYLE = Automatic;
				CURRENT_PROJECT_VERSION = 1;
				DEVELOPMENT_TEAM = 8JTQ9M4J69;
				GENERATE_INFOPLIST_FILE = YES;
				IPHONEOS_DEPLOYMENT_TARGET = 17.5;
				MACOSX_DEPLOYMENT_TARGET = 14.4;
				MARKETING_VERSION = 1.0;
				PRODUCT_BUNDLE_IDENTIFIER = com.guilenzolari.CryptoAPIUITests;
				PRODUCT_NAME = "$(TARGET_NAME)";
				SDKROOT = auto;
				SUPPORTED_PLATFORMS = "iphoneos iphonesimulator macosx";
				SWIFT_EMIT_LOC_STRINGS = NO;
				SWIFT_VERSION = 5.0;
				TARGETED_DEVICE_FAMILY = "1,2";
				TEST_TARGET_NAME = CryptoAPI;
			};
			name = Debug;
		};
		F23EC4992C346EB20037F40A /* Release */ = {
			isa = XCBuildConfiguration;
			buildSettings = {
				ALWAYS_EMBED_SWIFT_STANDARD_LIBRARIES = YES;
				CODE_SIGN_STYLE = Automatic;
				CURRENT_PROJECT_VERSION = 1;
				DEVELOPMENT_TEAM = 8JTQ9M4J69;
				GENERATE_INFOPLIST_FILE = YES;
				IPHONEOS_DEPLOYMENT_TARGET = 17.5;
				MACOSX_DEPLOYMENT_TARGET = 14.4;
				MARKETING_VERSION = 1.0;
				PRODUCT_BUNDLE_IDENTIFIER = com.guilenzolari.CryptoAPIUITests;
				PRODUCT_NAME = "$(TARGET_NAME)";
				SDKROOT = auto;
				SUPPORTED_PLATFORMS = "iphoneos iphonesimulator macosx";
				SWIFT_EMIT_LOC_STRINGS = NO;
				SWIFT_VERSION = 5.0;
				TARGETED_DEVICE_FAMILY = "1,2";
				TEST_TARGET_NAME = CryptoAPI;
			};
			name = Release;
		};
/* End XCBuildConfiguration section */

/* Begin XCConfigurationList section */
		F23EC4672C346EB00037F40A /* Build configuration list for PBXProject "CryptoAPI" */ = {
			isa = XCConfigurationList;
			buildConfigurations = (
				F23EC48F2C346EB20037F40A /* Debug */,
				F23EC4902C346EB20037F40A /* Release */,
			);
			defaultConfigurationIsVisible = 0;
			defaultConfigurationName = Release;
		};
		F23EC4912C346EB20037F40A /* Build configuration list for PBXNativeTarget "CryptoAPI" */ = {
			isa = XCConfigurationList;
			buildConfigurations = (
				F23EC4922C346EB20037F40A /* Debug */,
				F23EC4932C346EB20037F40A /* Release */,
			);
			defaultConfigurationIsVisible = 0;
			defaultConfigurationName = Release;
		};
		F23EC4942C346EB20037F40A /* Build configuration list for PBXNativeTarget "CryptoAPITests" */ = {
			isa = XCConfigurationList;
			buildConfigurations = (
				F23EC4952C346EB20037F40A /* Debug */,
				F23EC4962C346EB20037F40A /* Release */,
			);
			defaultConfigurationIsVisible = 0;
			defaultConfigurationName = Release;
		};
		F23EC4972C346EB20037F40A /* Build configuration list for PBXNativeTarget "CryptoAPIUITests" */ = {
			isa = XCConfigurationList;
			buildConfigurations = (
				F23EC4982C346EB20037F40A /* Debug */,
				F23EC4992C346EB20037F40A /* Release */,
			);
			defaultConfigurationIsVisible = 0;
			defaultConfigurationName = Release;
		};
/* End XCConfigurationList section */
	};
	rootObject = F23EC4642C346EB00037F40A /* Project object */;
}
